# This file is generated by running "yarn install" inside your project.
# Manual changes might be lost - proceed with caution!

__metadata:
  version: 8
  cacheKey: 10c0

"@types/json-schema@npm:^7.0.5, @types/json-schema@npm:^7.0.9":
  version: 7.0.15
  resolution: "@types/json-schema@npm:7.0.15"
  checksum: 10c0/a996a745e6c5d60292f36731dd41341339d4eeed8180bb09226e5c8d23759067692b1d88e5d91d72ee83dfc00d3aca8e7bd43ea120516c17922cbcb7c3e252db
  languageName: node
  linkType: hard

"ajv-formats@npm:^2.1.1":
  version: 2.1.1
  resolution: "ajv-formats@npm:2.1.1"
  dependencies:
    ajv: "npm:^8.0.0"
  peerDependencies:
    ajv: ^8.0.0
  peerDependenciesMeta:
    ajv:
      optional: true
  checksum: 10c0/e43ba22e91b6a48d96224b83d260d3a3a561b42d391f8d3c6d2c1559f9aa5b253bfb306bc94bbeca1d967c014e15a6efe9a207309e95b3eaae07fcbcdc2af662
  languageName: node
  linkType: hard

"ajv-keywords@npm:^3.5.2":
  version: 3.5.2
  resolution: "ajv-keywords@npm:3.5.2"
  peerDependencies:
    ajv: ^6.9.1
  checksum: 10c0/0c57a47cbd656e8cdfd99d7c2264de5868918ffa207c8d7a72a7f63379d4333254b2ba03d69e3c035e996a3fd3eb6d5725d7a1597cca10694296e32510546360
  languageName: node
  linkType: hard

"ajv-keywords@npm:^5.1.0":
  version: 5.1.0
  resolution: "ajv-keywords@npm:5.1.0"
  dependencies:
    fast-deep-equal: "npm:^3.1.3"
  peerDependencies:
    ajv: ^8.8.2
  checksum: 10c0/18bec51f0171b83123ba1d8883c126e60c6f420cef885250898bf77a8d3e65e3bfb9e8564f497e30bdbe762a83e0d144a36931328616a973ee669dc74d4a9590
  languageName: node
  linkType: hard

"ajv@npm:^6.12.4":
  version: 6.12.6
  resolution: "ajv@npm:6.12.6"
  dependencies:
    fast-deep-equal: "npm:^3.1.1"
    fast-json-stable-stringify: "npm:^2.0.0"
    json-schema-traverse: "npm:^0.4.1"
    uri-js: "npm:^4.2.2"
  checksum: 10c0/41e23642cbe545889245b9d2a45854ebba51cda6c778ebced9649420d9205f2efb39cb43dbc41e358409223b1ea43303ae4839db682c848b891e4811da1a5a71
  languageName: node
  linkType: hard

"ajv@npm:^8.0.0, ajv@npm:^8.9.0":
  version: 8.13.0
  resolution: "ajv@npm:8.13.0"
  dependencies:
    fast-deep-equal: "npm:^3.1.3"
    json-schema-traverse: "npm:^1.0.0"
    require-from-string: "npm:^2.0.2"
    uri-js: "npm:^4.4.1"
  checksum: 10c0/14c6497b6f72843986d7344175a1aa0e2c35b1e7f7475e55bc582cddb765fca7e6bf950f465dc7846f817776d9541b706f4b5b3fbedd8dfdeb5fce6f22864264
  languageName: node
  linkType: hard

"asap@npm:~2.0.3":
  version: 2.0.6
  resolution: "asap@npm:2.0.6"
  checksum: 10c0/c6d5e39fe1f15e4b87677460bd66b66050cd14c772269cee6688824c1410a08ab20254bb6784f9afb75af9144a9f9a7692d49547f4d19d715aeb7c0318f3136d
  languageName: node
  linkType: hard

"babel-loader@npm:^8.0.0":
  version: 8.3.0
  resolution: "babel-loader@npm:8.3.0"
  dependencies:
    find-cache-dir: "npm:^3.3.1"
    loader-utils: "npm:^2.0.0"
    make-dir: "npm:^3.1.0"
    schema-utils: "npm:^2.6.5"
  peerDependencies:
    "@babel/core": ^7.0.0
    webpack: ">=2"
  checksum: 10c0/7b83bae35a12fbc5cdf250e2d36a288305fe5b6d20ab044ab7c09bbf456c8895b80af7a4f1e8b64b5c07a4fd48d4b5144dab40b4bc72a4fed532dc000362f38f
  languageName: node
  linkType: hard

"babel-loader@npm:^9.0.0":
  version: 9.1.3
  resolution: "babel-loader@npm:9.1.3"
  dependencies:
    find-cache-dir: "npm:^4.0.0"
    schema-utils: "npm:^4.0.0"
  peerDependencies:
    "@babel/core": ^7.12.0
    webpack: ">=5"
  checksum: 10c0/e3fc3c9e02bd908b37e8e8cd4f3d7280cf6ac45e33fc203aedbb615135a0fecc33bf92573b71a166a827af029d302c0b060354985cd91d510320bd70a2f949eb
  languageName: node
  linkType: hard

"big.js@npm:^5.2.2":
  version: 5.2.2
  resolution: "big.js@npm:5.2.2"
  checksum: 10c0/230520f1ff920b2d2ce3e372d77a33faa4fa60d802fe01ca4ffbc321ee06023fe9a741ac02793ee778040a16b7e497f7d60c504d1c402b8fdab6f03bb785a25f
  languageName: node
  linkType: hard

"common-path-prefix@npm:^3.0.0":
  version: 3.0.0
  resolution: "common-path-prefix@npm:3.0.0"
  checksum: 10c0/c4a74294e1b1570f4a8ab435285d185a03976c323caa16359053e749db4fde44e3e6586c29cd051100335e11895767cbbd27ea389108e327d62f38daf4548fdb
  languageName: node
  linkType: hard

"commondir@npm:^1.0.1":
  version: 1.0.1
  resolution: "commondir@npm:1.0.1"
  checksum: 10c0/33a124960e471c25ee19280c9ce31ccc19574b566dc514fe4f4ca4c34fa8b0b57cf437671f5de380e11353ea9426213fca17687dd2ef03134fea2dbc53809fd6
  languageName: node
  linkType: hard

"core-js@npm:^1.0.0":
  version: 1.2.7
  resolution: "core-js@npm:1.2.7"
  checksum: 10c0/2b2966e40833f522129da4cc979688760654e9b38e32b06517a94c0edf2882d8990c4b1b0087cb2abfbe6219fdb21dc64343fa264a6b6280ec88c3682b8eee66
  languageName: node
  linkType: hard

"create-react-class@npm:^15.6.0":
  version: 15.7.0
  resolution: "create-react-class@npm:15.7.0"
  dependencies:
    loose-envify: "npm:^1.3.1"
    object-assign: "npm:^4.1.1"
  checksum: 10c0/bce4b46e6d85b424cb50ca8089266c7664fcecfd81abaafb829680fae2e2e60dc6999cac88f5a16a38473ed284859f2328935a42fc5cd1b7cc48888fdd8363c9
  languageName: node
  linkType: hard

"emojis-list@npm:^3.0.0":
  version: 3.0.0
  resolution: "emojis-list@npm:3.0.0"
  checksum: 10c0/7dc4394b7b910444910ad64b812392159a21e1a7ecc637c775a440227dcb4f80eff7fe61f4453a7d7603fa23d23d30cc93fe9e4b5ed985b88d6441cd4a35117b
  languageName: node
  linkType: hard

"encoding@npm:^0.1.11":
  version: 0.1.13
  resolution: "encoding@npm:0.1.13"
  dependencies:
    iconv-lite: "npm:^0.6.2"
  checksum: 10c0/36d938712ff00fe1f4bac88b43bcffb5930c1efa57bbcdca9d67e1d9d6c57cfb1200fb01efe0f3109b2ce99b231f90779532814a81370a1bd3274a0f58585039
  languageName: node
  linkType: hard

"fast-deep-equal@npm:^3.1.1, fast-deep-equal@npm:^3.1.3":
  version: 3.1.3
  resolution: "fast-deep-equal@npm:3.1.3"
  checksum: 10c0/40dedc862eb8992c54579c66d914635afbec43350afbbe991235fdcb4e3a8d5af1b23ae7e79bef7d4882d0ecee06c3197488026998fb19f72dc95acff1d1b1d0
  languageName: node
  linkType: hard

"fast-json-stable-stringify@npm:^2.0.0":
  version: 2.1.0
  resolution: "fast-json-stable-stringify@npm:2.1.0"
  checksum: 10c0/7f081eb0b8a64e0057b3bb03f974b3ef00135fbf36c1c710895cd9300f13c94ba809bb3a81cf4e1b03f6e5285610a61abbd7602d0652de423144dfee5a389c9b
  languageName: node
  linkType: hard

"fbjs@npm:^0.8.9":
  version: 0.8.18
  resolution: "fbjs@npm:0.8.18"
  dependencies:
    core-js: "npm:^1.0.0"
    isomorphic-fetch: "npm:^2.1.1"
    loose-envify: "npm:^1.0.0"
    object-assign: "npm:^4.1.0"
    promise: "npm:^7.1.1"
    setimmediate: "npm:^1.0.5"
    ua-parser-js: "npm:^0.7.30"
  checksum: 10c0/a7e1c64c349cde000e5d94ce0289c59b725a95fbdacc22529155c4dacea1dde37a4dae7e16f0f6602dca566f15978b42acd7ee973b620eaac612b5228687ffe0
  languageName: node
  linkType: hard

"find-cache-dir@npm:^3.3.1":
  version: 3.3.2
  resolution: "find-cache-dir@npm:3.3.2"
  dependencies:
    commondir: "npm:^1.0.1"
    make-dir: "npm:^3.0.2"
    pkg-dir: "npm:^4.1.0"
  checksum: 10c0/92747cda42bff47a0266b06014610981cfbb71f55d60f2c8216bc3108c83d9745507fb0b14ecf6ab71112bed29cd6fb1a137ee7436179ea36e11287e3159e587
  languageName: node
  linkType: hard

"find-cache-dir@npm:^4.0.0":
  version: 4.0.0
  resolution: "find-cache-dir@npm:4.0.0"
  dependencies:
    common-path-prefix: "npm:^3.0.0"
    pkg-dir: "npm:^7.0.0"
  checksum: 10c0/0faa7956974726c8769671de696d24c643ca1e5b8f7a2401283caa9e07a5da093293e0a0f4bd18c920ec981d2ef945c7f5b946cde268dfc9077d833ad0293cff
  languageName: node
  linkType: hard

"find-up@npm:^4.0.0":
  version: 4.1.0
  resolution: "find-up@npm:4.1.0"
  dependencies:
    locate-path: "npm:^5.0.0"
    path-exists: "npm:^4.0.0"
  checksum: 10c0/0406ee89ebeefa2d507feb07ec366bebd8a6167ae74aa4e34fb4c4abd06cf782a3ce26ae4194d70706f72182841733f00551c209fe575cb00bd92104056e78c1
  languageName: node
  linkType: hard

"find-up@npm:^6.3.0":
  version: 6.3.0
  resolution: "find-up@npm:6.3.0"
  dependencies:
    locate-path: "npm:^7.1.0"
    path-exists: "npm:^5.0.0"
  checksum: 10c0/07e0314362d316b2b13f7f11ea4692d5191e718ca3f7264110127520f3347996349bf9e16805abae3e196805814bc66ef4bff2b8904dc4a6476085fc9b0eba07
  languageName: node
  linkType: hard

"iconv-lite@npm:^0.6.2":
  version: 0.6.3
  resolution: "iconv-lite@npm:0.6.3"
  dependencies:
    safer-buffer: "npm:>= 2.1.2 < 3.0.0"
  checksum: 10c0/98102bc66b33fcf5ac044099d1257ba0b7ad5e3ccd3221f34dd508ab4070edff183276221684e1e0555b145fce0850c9f7d2b60a9fcac50fbb4ea0d6e845a3b1
  languageName: node
  linkType: hard

"is-stream@npm:^1.0.1":
  version: 1.1.0
  resolution: "is-stream@npm:1.1.0"
  checksum: 10c0/b8ae7971e78d2e8488d15f804229c6eed7ed36a28f8807a1815938771f4adff0e705218b7dab968270433f67103e4fef98062a0beea55d64835f705ee72c7002
  languageName: node
  linkType: hard

"isomorphic-fetch@npm:^2.1.1":
  version: 2.2.1
  resolution: "isomorphic-fetch@npm:2.2.1"
  dependencies:
    node-fetch: "npm:^1.0.1"
    whatwg-fetch: "npm:>=0.10.0"
  checksum: 10c0/ea9fd37d31ec7b35b82180e1946d4a2f512506d0559fa567ec6ee6701ff1c6d924be90e75499c50982274b707e03ecd9eaa21d618872dd0deff530e4c3bdb074
  languageName: node
  linkType: hard

"js-tokens@npm:^3.0.0 || ^4.0.0":
  version: 4.0.0
  resolution: "js-tokens@npm:4.0.0"
  checksum: 10c0/e248708d377aa058eacf2037b07ded847790e6de892bbad3dac0abba2e759cb9f121b00099a65195616badcb6eca8d14d975cb3e89eb1cfda644756402c8aeed
  languageName: node
  linkType: hard

"json-schema-traverse@npm:^0.4.1":
  version: 0.4.1
  resolution: "json-schema-traverse@npm:0.4.1"
  checksum: 10c0/108fa90d4cc6f08243aedc6da16c408daf81793bf903e9fd5ab21983cda433d5d2da49e40711da016289465ec2e62e0324dcdfbc06275a607fe3233fde4942ce
  languageName: node
  linkType: hard

"json-schema-traverse@npm:^1.0.0":
  version: 1.0.0
  resolution: "json-schema-traverse@npm:1.0.0"
  checksum: 10c0/71e30015d7f3d6dc1c316d6298047c8ef98a06d31ad064919976583eb61e1018a60a0067338f0f79cabc00d84af3fcc489bd48ce8a46ea165d9541ba17fb30c6
  languageName: node
  linkType: hard

"json5@npm:^2.1.2":
  version: 2.2.3
  resolution: "json5@npm:2.2.3"
  bin:
    json5: lib/cli.js
  checksum: 10c0/5a04eed94810fa55c5ea138b2f7a5c12b97c3750bc63d11e511dcecbfef758003861522a070c2272764ee0f4e3e323862f386945aeb5b85b87ee43f084ba586c
  languageName: node
  linkType: hard

"loader-utils@npm:^2.0.0":
  version: 2.0.4
  resolution: "loader-utils@npm:2.0.4"
  dependencies:
    big.js: "npm:^5.2.2"
    emojis-list: "npm:^3.0.0"
    json5: "npm:^2.1.2"
  checksum: 10c0/d5654a77f9d339ec2a03d88221a5a695f337bf71eb8dea031b3223420bb818964ba8ed0069145c19b095f6c8b8fd386e602a3fc7ca987042bd8bb1dcc90d7100
  languageName: node
  linkType: hard

"locate-path@npm:^5.0.0":
  version: 5.0.0
  resolution: "locate-path@npm:5.0.0"
  dependencies:
    p-locate: "npm:^4.1.0"
  checksum: 10c0/33a1c5247e87e022f9713e6213a744557a3e9ec32c5d0b5efb10aa3a38177615bf90221a5592674857039c1a0fd2063b82f285702d37b792d973e9e72ace6c59
  languageName: node
  linkType: hard

"locate-path@npm:^7.1.0":
  version: 7.2.0
  resolution: "locate-path@npm:7.2.0"
  dependencies:
    p-locate: "npm:^6.0.0"
  checksum: 10c0/139e8a7fe11cfbd7f20db03923cacfa5db9e14fa14887ea121345597472b4a63c1a42a8a5187defeeff6acf98fd568da7382aa39682d38f0af27433953a97751
  languageName: node
  linkType: hard

"loose-envify@npm:^1.0.0, loose-envify@npm:^1.1.0, loose-envify@npm:^1.3.1, loose-envify@npm:^1.4.0":
  version: 1.4.0
  resolution: "loose-envify@npm:1.4.0"
  dependencies:
    js-tokens: "npm:^3.0.0 || ^4.0.0"
  bin:
    loose-envify: cli.js
  checksum: 10c0/655d110220983c1a4b9c0c679a2e8016d4b67f6e9c7b5435ff5979ecdb20d0813f4dec0a08674fcbdd4846a3f07edbb50a36811fd37930b94aaa0d9daceb017e
  languageName: node
  linkType: hard

"main@workspace:.":
  version: 0.0.0-use.local
  resolution: "main@workspace:."
  dependencies:
    babel-loader: "npm:^9.0.0"
    postcss-plugin-namespace: "npm:^0.0.1"
    react: "npm:^18.0.0"
    reduce: "npm:^1.0.0"
    use-reducer-thunk: "npm:^1.0.0"
  languageName: unknown
  linkType: soft

"make-dir@npm:^3.0.2, make-dir@npm:^3.1.0":
  version: 3.1.0
  resolution: "make-dir@npm:3.1.0"
  dependencies:
    semver: "npm:^6.0.0"
  checksum: 10c0/56aaafefc49c2dfef02c5c95f9b196c4eb6988040cf2c712185c7fe5c99b4091591a7fc4d4eafaaefa70ff763a26f6ab8c3ff60b9e75ea19876f49b18667ecaa
  languageName: node
  linkType: hard

"node-fetch@npm:^1.0.1":
  version: 1.7.3
  resolution: "node-fetch@npm:1.7.3"
  dependencies:
    encoding: "npm:^0.1.11"
    is-stream: "npm:^1.0.1"
  checksum: 10c0/5a6b56b3edf909ccd20414355867d24f15f1885da3b26be90840241c46e63754ebf4697050f897daab676e3952d969611ffe1d4bc4506cf50f70837e20ad5328
  languageName: node
  linkType: hard

"object-assign@npm:^4.1.0, object-assign@npm:^4.1.1":
  version: 4.1.1
  resolution: "object-assign@npm:4.1.1"
  checksum: 10c0/1f4df9945120325d041ccf7b86f31e8bcc14e73d29171e37a7903050e96b81323784ec59f93f102ec635bcf6fa8034ba3ea0a8c7e69fa202b87ae3b6cec5a414
  languageName: node
  linkType: hard

"object-keys@npm:^1.1.0":
  version: 1.1.1
  resolution: "object-keys@npm:1.1.1"
  checksum: 10c0/b11f7ccdbc6d406d1f186cdadb9d54738e347b2692a14439ca5ac70c225fa6db46db809711b78589866d47b25fc3e8dee0b4c722ac751e11180f9380e3d8601d
  languageName: node
  linkType: hard

"p-limit@npm:^2.2.0":
  version: 2.3.0
  resolution: "p-limit@npm:2.3.0"
  dependencies:
    p-try: "npm:^2.0.0"
  checksum: 10c0/8da01ac53efe6a627080fafc127c873da40c18d87b3f5d5492d465bb85ec7207e153948df6b9cbaeb130be70152f874229b8242ee2be84c0794082510af97f12
  languageName: node
  linkType: hard

"p-limit@npm:^4.0.0":
  version: 4.0.0
  resolution: "p-limit@npm:4.0.0"
  dependencies:
    yocto-queue: "npm:^1.0.0"
  checksum: 10c0/a56af34a77f8df2ff61ddfb29431044557fcbcb7642d5a3233143ebba805fc7306ac1d448de724352861cb99de934bc9ab74f0d16fe6a5460bdbdf938de875ad
  languageName: node
  linkType: hard

"p-locate@npm:^4.1.0":
  version: 4.1.0
  resolution: "p-locate@npm:4.1.0"
  dependencies:
    p-limit: "npm:^2.2.0"
  checksum: 10c0/1b476ad69ad7f6059744f343b26d51ce091508935c1dbb80c4e0a2f397ffce0ca3a1f9f5cd3c7ce19d7929a09719d5c65fe70d8ee289c3f267cd36f2881813e9
  languageName: node
  linkType: hard

"p-locate@npm:^6.0.0":
  version: 6.0.0
  resolution: "p-locate@npm:6.0.0"
  dependencies:
    p-limit: "npm:^4.0.0"
  checksum: 10c0/d72fa2f41adce59c198270aa4d3c832536c87a1806e0f69dffb7c1a7ca998fb053915ca833d90f166a8c082d3859eabfed95f01698a3214c20df6bb8de046312
  languageName: node
  linkType: hard

"p-try@npm:^2.0.0":
  version: 2.2.0
  resolution: "p-try@npm:2.2.0"
  checksum: 10c0/c36c19907734c904b16994e6535b02c36c2224d433e01a2f1ab777237f4d86e6289fd5fd464850491e940379d4606ed850c03e0f9ab600b0ebddb511312e177f
  languageName: node
  linkType: hard

"path-exists@npm:^4.0.0":
  version: 4.0.0
  resolution: "path-exists@npm:4.0.0"
  checksum: 10c0/8c0bd3f5238188197dc78dced15207a4716c51cc4e3624c44fc97acf69558f5ebb9a2afff486fe1b4ee148e0c133e96c5e11a9aa5c48a3006e3467da070e5e1b
  languageName: node
  linkType: hard

"path-exists@npm:^5.0.0":
  version: 5.0.0
  resolution: "path-exists@npm:5.0.0"
  checksum: 10c0/b170f3060b31604cde93eefdb7392b89d832dfbc1bed717c9718cbe0f230c1669b7e75f87e19901da2250b84d092989a0f9e44d2ef41deb09aa3ad28e691a40a
  languageName: node
  linkType: hard

"picocolors@npm:^0.2.1":
  version: 0.2.1
  resolution: "picocolors@npm:0.2.1"
  checksum: 10c0/98a83c77912c80aea0fc518aec184768501bfceafa490714b0f43eda9c52e372b844ce0a591e822bbfe5df16dcf366be7cbdb9534d39cf54a80796340371ee17
  languageName: node
  linkType: hard

"pkg-dir@npm:^4.1.0":
  version: 4.2.0
  resolution: "pkg-dir@npm:4.2.0"
  dependencies:
    find-up: "npm:^4.0.0"
  checksum: 10c0/c56bda7769e04907a88423feb320babaed0711af8c436ce3e56763ab1021ba107c7b0cafb11cde7529f669cfc22bffcaebffb573645cbd63842ea9fb17cd7728
  languageName: node
  linkType: hard

"pkg-dir@npm:^7.0.0":
  version: 7.0.0
  resolution: "pkg-dir@npm:7.0.0"
  dependencies:
    find-up: "npm:^6.3.0"
  checksum: 10c0/1afb23d2efb1ec9d8b2c4a0c37bf146822ad2774f074cb05b853be5dca1b40815c5960dd126df30ab8908349262a266f31b771e877235870a3b8fd313beebec5
  languageName: node
  linkType: hard

"postcss-plugin-namespace@npm:^0.0.1":
  version: 0.0.1
  resolution: "postcss-plugin-namespace@npm:0.0.1"
  dependencies:
    postcss: "npm:^7.0.6"
  checksum: 10c0/84483331dab3ed110f61449c94a1a02846a9a7f663eb88cbee8ea681b464d782ed2c5b0d3574ebcae59c90e8fec5e61a8cb2db4459b1daf0256fc1ca8d775c04
  languageName: node
  linkType: hard

"postcss@npm:^7.0.6":
  version: 7.0.39
  resolution: "postcss@npm:7.0.39"
  dependencies:
    picocolors: "npm:^0.2.1"
    source-map: "npm:^0.6.1"
  checksum: 10c0/fd27ee808c0d02407582cccfad4729033e2b439d56cd45534fb39aaad308bb35a290f3b7db5f2394980e8756f9381b458a625618550808c5ff01a125f51efc53
  languageName: node
  linkType: hard

"promise@npm:^7.1.1":
  version: 7.3.1
  resolution: "promise@npm:7.3.1"
  dependencies:
    asap: "npm:~2.0.3"
  checksum: 10c0/742e5c0cc646af1f0746963b8776299701ad561ce2c70b49365d62c8db8ea3681b0a1bf0d4e2fe07910bf72f02d39e51e8e73dc8d7503c3501206ac908be107f
  languageName: node
  linkType: hard

"prop-types@npm:^15.5.10, prop-types@npm:^15.6.2":
  version: 15.8.1
  resolution: "prop-types@npm:15.8.1"
  dependencies:
    loose-envify: "npm:^1.4.0"
    object-assign: "npm:^4.1.1"
    react-is: "npm:^16.13.1"
  checksum: 10c0/59ece7ca2fb9838031d73a48d4becb9a7cc1ed10e610517c7d8f19a1e02fa47f7c27d557d8a5702bec3cfeccddc853579832b43f449e54635803f277b1c78077
  languageName: node
  linkType: hard

"punycode@npm:^2.1.0":
  version: 2.3.1
  resolution: "punycode@npm:2.3.1"
  checksum: 10c0/14f76a8206bc3464f794fb2e3d3cc665ae416c01893ad7a02b23766eb07159144ee612ad67af5e84fa4479ccfe67678c4feb126b0485651b302babf66f04f9e9
  languageName: node
  linkType: hard

"react-is@npm:^16.13.1":
  version: 16.13.1
  resolution: "react-is@npm:16.13.1"
  checksum: 10c0/33977da7a5f1a287936a0c85639fec6ca74f4f15ef1e59a6bc20338fc73dc69555381e211f7a3529b8150a1f71e4225525b41b60b52965bda53ce7d47377ada1
  languageName: node
  linkType: hard

"react@npm:^15.0.0":
  version: 15.7.0
  resolution: "react@npm:15.7.0"
  dependencies:
    create-react-class: "npm:^15.6.0"
    fbjs: "npm:^0.8.9"
    loose-envify: "npm:^1.1.0"
    object-assign: "npm:^4.1.0"
    prop-types: "npm:^15.5.10"
  checksum: 10c0/1b48cf636c1af90a15660ad024db1389716c495dcd19807700f0eb92678d8bd57fe362f40eb4d89a713e8db1c8ab8ac1e989cdf3b215d32ac1d3fbc4120f26d8
  languageName: node
  linkType: hard

"react@npm:^16.0.0":
  version: 16.14.0
  resolution: "react@npm:16.14.0"
  dependencies:
    loose-envify: "npm:^1.1.0"
    object-assign: "npm:^4.1.1"
    prop-types: "npm:^15.6.2"
  checksum: 10c0/df8faae43e01387013900e8f8fb3c4ce9935b7edbcbaa77e12999c913eb958000a0a8750bf9a0886dae0ad768dd4a4ee983752d5bade8d840adbe0ce890a2438
  languageName: node
  linkType: hard

"react@npm:^18.0.0":
  version: 18.3.1
  resolution: "react@npm:18.3.1"
  dependencies:
    loose-envify: "npm:^1.1.0"
  checksum: 10c0/283e8c5efcf37802c9d1ce767f302dd569dd97a70d9bb8c7be79a789b9902451e0d16334b05d73299b20f048cbc3c7d288bbbde10b701fa194e2089c237dbea3
  languageName: node
  linkType: hard

"reduce@npm:^1.0.0":
  version: 1.0.2
  resolution: "reduce@npm:1.0.2"
  dependencies:
    object-keys: "npm:^1.1.0"
  checksum: 10c0/5b925190a855372c968c09133e5bb238814e9c4540f936aaac4aee4cc362e1017ca8193545bc8ebf36407acdeee614caf6cb057c8de595f978030cd103ceab66
  languageName: node
  linkType: hard

"require-from-string@npm:^2.0.2":
  version: 2.0.2
  resolution: "require-from-string@npm:2.0.2"
  checksum: 10c0/aaa267e0c5b022fc5fd4eef49d8285086b15f2a1c54b28240fdf03599cbd9c26049fee3eab894f2e1f6ca65e513b030a7c264201e3f005601e80c49fb2937ce2
  languageName: node
  linkType: hard

"safer-buffer@npm:>= 2.1.2 < 3.0.0":
  version: 2.1.2
  resolution: "safer-buffer@npm:2.1.2"
  checksum: 10c0/7e3c8b2e88a1841c9671094bbaeebd94448111dd90a81a1f606f3f67708a6ec57763b3b47f06da09fc6054193e0e6709e77325415dc8422b04497a8070fa02d4
  languageName: node
  linkType: hard

"schema-utils@npm:^2.6.5":
  version: 2.7.1
  resolution: "schema-utils@npm:2.7.1"
  dependencies:
    "@types/json-schema": "npm:^7.0.5"
    ajv: "npm:^6.12.4"
    ajv-keywords: "npm:^3.5.2"
  checksum: 10c0/f484f34464edd8758712d5d3ba25a306e367dac988aecaf4ce112e99baae73f33a807b5cf869240bb6648c80720b36af2d7d72be3a27faa49a2d4fc63fa3f85f
  languageName: node
  linkType: hard

"schema-utils@npm:^4.0.0":
  version: 4.2.0
  resolution: "schema-utils@npm:4.2.0"
  dependencies:
    "@types/json-schema": "npm:^7.0.9"
    ajv: "npm:^8.9.0"
    ajv-formats: "npm:^2.1.1"
    ajv-keywords: "npm:^5.1.0"
  checksum: 10c0/8dab7e7800316387fd8569870b4b668cfcecf95ac551e369ea799bbcbfb63fb0365366d4b59f64822c9f7904d8c5afcfaf5a6124a4b08783e558cd25f299a6b4
  languageName: node
  linkType: hard

"semver@npm:^6.0.0":
  version: 6.3.1
  resolution: "semver@npm:6.3.1"
  bin:
    semver: bin/semver.js
  checksum: 10c0/e3d79b609071caa78bcb6ce2ad81c7966a46a7431d9d58b8800cfa9cb6a63699b3899a0e4bcce36167a284578212d9ae6942b6929ba4aa5015c079a67751d42d
  languageName: node
  linkType: hard

"setimmediate@npm:^1.0.5":
  version: 1.0.5
  resolution: "setimmediate@npm:1.0.5"
  checksum: 10c0/5bae81bfdbfbd0ce992893286d49c9693c82b1bcc00dcaaf3a09c8f428fdeacf4190c013598b81875dfac2b08a572422db7df779a99332d0fce186d15a3e4d49
  languageName: node
  linkType: hard

"source-map@npm:^0.6.1":
  version: 0.6.1
  resolution: "source-map@npm:0.6.1"
  checksum: 10c0/ab55398007c5e5532957cb0beee2368529618ac0ab372d789806f5718123cc4367d57de3904b4e6a4170eb5a0b0f41373066d02ca0735a0c4d75c7d328d3e011
  languageName: node
  linkType: hard

"test0@workspace:packages/test0":
  version: 0.0.0-use.local
  resolution: "test0@workspace:packages/test0"
  dependencies:
    babel-loader: "npm:^8.0.0"
    postcss-plugin-namespace: "npm:^0.0.1"
    react: "npm:^16.0.0"
    reduce: "npm:^1.0.0"
    use-reducer-thunk: "npm:^1.0.0"
  languageName: unknown
  linkType: soft

"test1@workspace:packages/test1":
  version: 0.0.0-use.local
  resolution: "test1@workspace:packages/test1"
  dependencies:
    babel-loader: "npm:^9.0.0"
    postcss-plugin-namespace: "npm:^0.0.1"
    react: "npm:^15.0.0"
    reduce: "npm:^1.0.0"
    use-reducer-thunk: "npm:^1.0.0"
  languageName: unknown
  linkType: soft

"ua-parser-js@npm:^0.7.30":
  version: 0.7.37
  resolution: "ua-parser-js@npm:0.7.37"
  checksum: 10c0/38295744f1771896a9158f427b10a6971e82e30bdcedb98bf871eb29987a517722ed1185a00e54b1dea5480920d131e374b92574851f29e3a753173b9c0f24d2
  languageName: node
  linkType: hard

"uri-js@npm:^4.2.2, uri-js@npm:^4.4.1":
  version: 4.4.1
  resolution: "uri-js@npm:4.4.1"
  dependencies:
    punycode: "npm:^2.1.0"
  checksum: 10c0/4ef57b45aa820d7ac6496e9208559986c665e49447cb072744c13b66925a362d96dd5a46c4530a6b8e203e5db5fe849369444440cb22ecfc26c679359e5dfa3c
  languageName: node
  linkType: hard

"use-reducer-thunk@npm:^1.0.0":
  version: 1.1.0
  resolution: "use-reducer-thunk@npm:1.1.0"
  peerDependencies:
    react: "*"
  checksum: 10c0/2f00ea12bc596d6960f16b3a7b2ebd9a9802dc96bbd62ef9cf43ca61a225b4eac033e23003e4191b05f18f211f1142e5034d5c8bb6a65d1547a2f4c1e3af7bc3
  languageName: node
  linkType: hard

"whatwg-fetch@npm:>=0.10.0":
  version: 3.6.20
  resolution: "whatwg-fetch@npm:3.6.20"
  checksum: 10c0/fa972dd14091321d38f36a4d062298df58c2248393ef9e8b154493c347c62e2756e25be29c16277396046d6eaa4b11bd174f34e6403fff6aaca9fb30fa1ff46d
  languageName: node
  linkType: hard

"yocto-queue@npm:^1.0.0":
  version: 1.0.0
  resolution: "yocto-queue@npm:1.0.0"
  checksum: 10c0/856117aa15cf5103d2a2fb173f0ab4acb12b4b4d0ed3ab249fdbbf612e55d1cadfd27a6110940e24746fb0a78cf640b522cc8bca76f30a3b00b66e90cf82abe0
  languageName: node
  linkType: hard
